
Microsoft Visual Studio Solution File, Format Version 12.00
# Visual Studio 15
VisualStudioVersion = 15.0.27703.2042
MinimumVisualStudioVersion = 10.0.40219.1
Project("{FAE04EC0-301F-11D3-BF4B-00C04F79EFBC}") = "USVoteDistictInfo", "USVoteDistictInfo\USVoteDistictInfo.csproj", "{6F0873EF-1D76-4C28-BB24-EA12097C6017}"
EndProject
Global
	GlobalSection(SolutionConfigurationPlatforms) = preSolution
		Debug|Any CPU = Debug|Any CPU
		Release|Any CPU = Release|Any CPU
	EndGlobalSection
	GlobalSection(ProjectConfigurationPlatforms) = postSolution
		{6F0873EF-1D76-4C28-BB24-EA12097C6017}.Debug|Any CPU.ActiveCfg = Debug|Any CPU
		{6F0873EF-1D76-4C28-BB24-EA12097C6017}.Debug|Any CPU.Build.0 = Debug|Any CPU
		{6F0873EF-1D76-4C28-BB24-EA12097C6017}.Debug|Any CPU.Deploy.0 = Debug|Any CPU
		{6F0873EF-1D76-4C28-BB24-EA12097C6017}.Release|Any CPU.ActiveCfg = Release|Any CPU
		{6F0873EF-1D76-4C28-BB24-EA12097C6017}.Release|Any CPU.Build.0 = Release|Any CPU
		{6F0873EF-1D76-4C28-BB24-EA12097C6017}.Release|Any CPU.Deploy.0 = Release|Any CPU
	EndGlobalSection
	GlobalSection(SolutionProperties) = preSolution
		HideSolutionNode = FALSE
	EndGlobalSection
	GlobalSection(ExtensibilityGlobals) = postSolution
		SolutionGuid = {7816F5A8-F016-4062-9EF3-1CAA01106DA5}
	EndGlobalSection
EndGlobal
